
Microsoft Visual Studio Solution File, Format Version 12.00
Project("{FAE04EC0-301F-11D3-BF4B-00C04F79EFBC}") = "UdpBroadcastServer", "UdpBroadcastServer\UdpBroadcastServer.csproj", "{AF7388EB-F26A-46B8-A892-98F113F7D053}"
EndProject
Project("{FAE04EC0-301F-11D3-BF4B-00C04F79EFBC}") = "UdpBroadcastClient", "UdpBroadcastClient\UdpBroadcastClient.csproj", "{6BA3B9F5-F3CF-4E11-94EC-0A13E3C383D2}"
EndProject
Global
	GlobalSection(SolutionConfigurationPlatforms) = preSolution
		Debug|Any CPU = Debug|Any CPU
		Release|Any CPU = Release|Any CPU
	EndGlobalSection
	GlobalSection(ProjectConfigurationPlatforms) = postSolution
		{AF7388EB-F26A-46B8-A892-98F113F7D053}.Debug|Any CPU.ActiveCfg = Debug|Any CPU
		{AF7388EB-F26A-46B8-A892-98F113F7D053}.Debug|Any CPU.Build.0 = Debug|Any CPU
		{AF7388EB-F26A-46B8-A892-98F113F7D053}.Release|Any CPU.ActiveCfg = Release|Any CPU
		{AF7388EB-F26A-46B8-A892-98F113F7D053}.Release|Any CPU.Build.0 = Release|Any CPU
		{6BA3B9F5-F3CF-4E11-94EC-0A13E3C383D2}.Debug|Any CPU.ActiveCfg = Debug|Any CPU
		{6BA3B9F5-F3CF-4E11-94EC-0A13E3C383D2}.Debug|Any CPU.Build.0 = Debug|Any CPU
		{6BA3B9F5-F3CF-4E11-94EC-0A13E3C383D2}.Release|Any CPU.ActiveCfg = Release|Any CPU
		{6BA3B9F5-F3CF-4E11-94EC-0A13E3C383D2}.Release|Any CPU.Build.0 = Release|Any CPU
	EndGlobalSection
EndGlobal
